
Microsoft Visual Studio Solution File, Format Version 12.00
# Visual Studio Version 17
VisualStudioVersion = 17.5.002.0
MinimumVisualStudioVersion = 10.0.40219.1
Project("{9A19103F-16F7-4668-BE54-9A1E7A4F7556}") = "exam", "exam\exam.csproj", "{70956F1E-96A5-41E3-B82D-A30124C75549}"
EndProject
Global
	GlobalSection(SolutionConfigurationPlatforms) = preSolution
		Debug|Any CPU = Debug|Any CPU
		Release|Any CPU = Release|Any CPU
	EndGlobalSection
	GlobalSection(ProjectConfigurationPlatforms) = postSolution
		{70956F1E-96A5-41E3-B82D-A30124C75549}.Debug|Any CPU.ActiveCfg = Debug|Any CPU
		{70956F1E-96A5-41E3-B82D-A30124C75549}.Debug|Any CPU.Build.0 = Debug|Any CPU
		{70956F1E-96A5-41E3-B82D-A30124C75549}.Release|Any CPU.ActiveCfg = Release|Any CPU
		{70956F1E-96A5-41E3-B82D-A30124C75549}.Release|Any CPU.Build.0 = Release|Any CPU
	EndGlobalSection
	GlobalSection(SolutionProperties) = preSolution
		HideSolutionNode = FALSE
	EndGlobalSection
	GlobalSection(ExtensibilityGlobals) = postSolution
		SolutionGuid = {DCD9356B-73E1-44BE-B13D-107E87D1A5A4}
	EndGlobalSection
EndGlobal
